
Microsoft Visual Studio Solution File, Format Version 12.00
# Visual Studio 15
VisualStudioVersion = 15.0.27428.2015
MinimumVisualStudioVersion = 10.0.40219.1
Project("{FAE04EC0-301F-11D3-BF4B-00C04F79EFBC}") = "XQuestions.Core", "XQuestions.Core\XQuestions.Core.csproj", "{5116F534-4CF7-4744-B46E-51D09BBA625E}"
EndProject
Project("{FAE04EC0-301F-11D3-BF4B-00C04F79EFBC}") = "XQuestions.Droid", "XQuestions.Droid\XQuestions.Droid.csproj", "{1226B4A9-6069-43EC-B53B-7716A3997A47}"
EndProject
Global
	GlobalSection(SolutionConfigurationPlatforms) = preSolution
		Debug|Any CPU = Debug|Any CPU
		Release|Any CPU = Release|Any CPU
	EndGlobalSection
	GlobalSection(ProjectConfigurationPlatforms) = postSolution
		{5116F534-4CF7-4744-B46E-51D09BBA625E}.Debug|Any CPU.ActiveCfg = Debug|Any CPU
		{5116F534-4CF7-4744-B46E-51D09BBA625E}.Debug|Any CPU.Build.0 = Debug|Any CPU
		{5116F534-4CF7-4744-B46E-51D09BBA625E}.Release|Any CPU.ActiveCfg = Release|Any CPU
		{5116F534-4CF7-4744-B46E-51D09BBA625E}.Release|Any CPU.Build.0 = Release|Any CPU
		{1226B4A9-6069-43EC-B53B-7716A3997A47}.Debug|Any CPU.ActiveCfg = Debug|Any CPU
		{1226B4A9-6069-43EC-B53B-7716A3997A47}.Debug|Any CPU.Build.0 = Debug|Any CPU
		{1226B4A9-6069-43EC-B53B-7716A3997A47}.Debug|Any CPU.Deploy.0 = Debug|Any CPU
		{1226B4A9-6069-43EC-B53B-7716A3997A47}.Release|Any CPU.ActiveCfg = Release|Any CPU
		{1226B4A9-6069-43EC-B53B-7716A3997A47}.Release|Any CPU.Build.0 = Release|Any CPU
		{1226B4A9-6069-43EC-B53B-7716A3997A47}.Release|Any CPU.Deploy.0 = Release|Any CPU
	EndGlobalSection
	GlobalSection(SolutionProperties) = preSolution
		HideSolutionNode = FALSE
	EndGlobalSection
	GlobalSection(ExtensibilityGlobals) = postSolution
		SolutionGuid = {8A232C23-5372-49B4-8802-03DD9097492A}
	EndGlobalSection
EndGlobal
